
Microsoft Visual Studio Solution File, Format Version 12.00
# Visual Studio Version 16
VisualStudioVersion = 16.0.36107.64
MinimumVisualStudioVersion = 10.0.40219.1
Project("{FAE04EC0-301F-11D3-BF4B-00C04F79EFBC}") = "Motor", "Motor\Motor.csproj", "{D873DF67-1EE5-48A4-8E21-7C27F90F8AD4}"
EndProject
Global
	GlobalSection(SolutionConfigurationPlatforms) = preSolution
		Debug|Any CPU = Debug|Any CPU
		Release|Any CPU = Release|Any CPU
	EndGlobalSection
	GlobalSection(ProjectConfigurationPlatforms) = postSolution
		{D873DF67-1EE5-48A4-8E21-7C27F90F8AD4}.Debug|Any CPU.ActiveCfg = Debug|Any CPU
		{D873DF67-1EE5-48A4-8E21-7C27F90F8AD4}.Debug|Any CPU.Build.0 = Debug|Any CPU
		{D873DF67-1EE5-48A4-8E21-7C27F90F8AD4}.Release|Any CPU.ActiveCfg = Release|Any CPU
		{D873DF67-1EE5-48A4-8E21-7C27F90F8AD4}.Release|Any CPU.Build.0 = Release|Any CPU
	EndGlobalSection
	GlobalSection(SolutionProperties) = preSolution
		HideSolutionNode = FALSE
	EndGlobalSection
	GlobalSection(ExtensibilityGlobals) = postSolution
		SolutionGuid = {F9560F9C-3302-4B34-ADFA-63EA0464D3D3}
	EndGlobalSection
EndGlobal
